
Microsoft Visual Studio Solution File, Format Version 12.00
# Visual Studio 15
VisualStudioVersion = 15.0.28307.1022
MinimumVisualStudioVersion = 10.0.40219.1
Project("{FAE04EC0-301F-11D3-BF4B-00C04F79EFBC}") = "SDEditVS", "SDEditVS\SDEditVS.csproj", "{AD81651E-2CD4-42C7-A603-B98ACBFA46EA}"
EndProject
Global
	GlobalSection(SolutionConfigurationPlatforms) = preSolution
		Debug|Any CPU = Debug|Any CPU
		Release|Any CPU = Release|Any CPU
	EndGlobalSection
	GlobalSection(ProjectConfigurationPlatforms) = postSolution
		{AD81651E-2CD4-42C7-A603-B98ACBFA46EA}.Debug|Any CPU.ActiveCfg = Debug|Any CPU
		{AD81651E-2CD4-42C7-A603-B98ACBFA46EA}.Debug|Any CPU.Build.0 = Debug|Any CPU
		{AD81651E-2CD4-42C7-A603-B98ACBFA46EA}.Release|Any CPU.ActiveCfg = Release|Any CPU
		{AD81651E-2CD4-42C7-A603-B98ACBFA46EA}.Release|Any CPU.Build.0 = Release|Any CPU
	EndGlobalSection
	GlobalSection(SolutionProperties) = preSolution
		HideSolutionNode = FALSE
	EndGlobalSection
	GlobalSection(ExtensibilityGlobals) = postSolution
		SolutionGuid = {A9DE4269-4E56-4D93-ABD3-70AE9795F34D}
	EndGlobalSection
EndGlobal
